<?xml version="1.0" encoding="utf-8"?>
<Project ToolsVersion="4.0" xmlns="http://schemas.microsoft.com/developer/msbuild/2003">
  <ItemGroup>
    <Filter Include="Source Files">
      <UniqueIdentifier>{4FC737F1-C7A5-4376-A066-2A32D752A2FF}</UniqueIdentifier>
      <Extensions>cpp;c;cc;cxx;def;odl;idl;hpj;bat;asm;asmx</Extensions>
    </Filter>
    <Filter Include="Resource Files">
      <UniqueIdentifier>{67DA6AB6-F800-4c08-8B7A-83BB121AAD01}</UniqueIdentifier>
      <Extensions>rc;ico;cur;bmp;dlg;rc2;rct;bin;rgs;gif;jpg;jpeg;jpe;resx;tiff;tif;png;wav;mfcribbon-ms</Extensions>
    </Filter>
    <Filter Include="Resource Files\Shaders">
      <UniqueIdentifier>{a308a9a6-cc2a-4384-8c47-adbe197dc90b}</UniqueIdentifier>
    </Filter>
    <Filter Include="Source Files\Resources">
      <UniqueIdentifier>{5dd200fd-9c05-456e-a825-08ad02489202}</UniqueIdentifier>
    </Filter>
    <Filter Include="Source Files\Engine">
      <UniqueIdentifier>{12d28e84-1569-41c6-943e-a1d5a25c3cfb}</UniqueIdentifier>
    </Filter>
    <Filter Include="Source Files\Game">
      <UniqueIdentifier>{37174627-6845-4888-8052-dbeef7f34bfc}</UniqueIdentifier>
    </Filter>
    <Filter Include="Source Files\Resources\Mesh">
      <UniqueIdentifier>{6dd47915-5473-4140-822c-ee2bdc83fed6}</UniqueIdentifier>
    </Filter>
    <Filter Include="Source Files\Resources\LocalizedText">
      <UniqueIdentifier>{b1710cdd-f702-4dea-ba08-fac215060b17}</UniqueIdentifier>
    </Filter>
    <Filter Include="Source Files\Resources\Texture">
      <UniqueIdentifier>{e0ba6d8c-2916-453e-92b7-a33945d10d8b}</UniqueIdentifier>
    </Filter>
    <Filter Include="Source Files\Libraries">
      <UniqueIdentifier>{46e004dc-b7b8-48ff-ac3b-c0f6982bbdcd}</UniqueIdentifier>
    </Filter>
    <Filter Include="Source Files\Shader">
      <UniqueIdentifier>{04ddf542-f267-424f-b4cb-9f69de3f43b8}</UniqueIdentifier>
    </Filter>
    <Filter Include="Source Files\Engine\Camera">
      <UniqueIdentifier>{fe8001dc-e455-4d40-87b8-9cfc89c6539d}</UniqueIdentifier>
    </Filter>
    <Filter Include="Source Files\Engine\UI">
      <UniqueIdentifier>{6b59698d-3b80-4c4d-a1a9-4dafcf1f1a3a}</UniqueIdentifier>
    </Filter>
  </ItemGroup>
  <ItemGroup>
    <ClCompile Include="src\Constants.cpp">
      <Filter>Source Files</Filter>
    </ClCompile>
    <ClCompile Include="src\Resources\Resources.cpp">
      <Filter>Source Files\Resources</Filter>
    </ClCompile>
    <ClCompile Include="src\main.cpp">
      <Filter>Source Files</Filter>
    </ClCompile>
    <ClCompile Include="src\Engine\GameObject.cpp">
      <Filter>Source Files\Engine</Filter>
    </ClCompile>
    <ClCompile Include="src\Resources\Mesh\Mesh.cpp">
      <Filter>Source Files\Resources\Mesh</Filter>
    </ClCompile>
    <ClCompile Include="src\Game\Game.cpp">
      <Filter>Source Files\Game</Filter>
    </ClCompile>
    <ClCompile Include="src\Engine\Transform.cpp">
      <Filter>Source Files\Engine</Filter>
    </ClCompile>
    <ClCompile Include="src\Resources\LocalizedText\LocalizedText.cpp">
      <Filter>Source Files\Resources\LocalizedText</Filter>
    </ClCompile>
    <ClCompile Include="src\Utils.cpp">
      <Filter>Source Files</Filter>
    </ClCompile>
    <ClCompile Include="src\Resources\Texture\Texture.cpp">
      <Filter>Source Files\Resources\Texture</Filter>
    </ClCompile>
    <ClCompile Include="src\Libraries\stb_image.cpp">
      <Filter>Source Files\Libraries</Filter>
    </ClCompile>
    <ClCompile Include="src\Resources\Shader\ShaderProgram.cpp">
      <Filter>Source Files\Shader</Filter>
    </ClCompile>
    <ClCompile Include="src\Resources\Shader\ShaderSource.cpp">
      <Filter>Source Files\Shader</Filter>
    </ClCompile>
    <ClCompile Include="src\Game\Track.cpp">
      <Filter>Source Files\Game</Filter>
    </ClCompile>
    <ClCompile Include="src\Game\Tram.cpp">
      <Filter>Source Files\Game</Filter>
    </ClCompile>
    <ClCompile Include="src\Engine\Camera\CameraPerspective.cpp">
      <Filter>Source Files\Engine\Camera</Filter>
    </ClCompile>
    <ClCompile Include="src\Engine\Camera\CameraUi.cpp">
      <Filter>Source Files\Engine\Camera</Filter>
    </ClCompile>
    <ClCompile Include="src\Engine\UI\Sprite.cpp">
      <Filter>Source Files\Engine\UI</Filter>
    </ClCompile>
  </ItemGroup>
  <ItemGroup>
    <None Include="res\Shaders\fragment_shader.glsl">
      <Filter>Resource Files\Shaders</Filter>
    </None>
    <None Include="res\Shaders\vertex_shader.glsl">
      <Filter>Resource Files\Shaders</Filter>
    </None>
  </ItemGroup>
  <ItemGroup>
    <ClInclude Include="src\Constants.h">
      <Filter>Source Files</Filter>
    </ClInclude>
    <ClInclude Include="src\Resources\Resources.h">
      <Filter>Source Files\Resources</Filter>
    </ClInclude>
    <ClInclude Include="src\glbinding.h">
      <Filter>Source Files</Filter>
    </ClInclude>
    <ClInclude Include="src\Engine\GameObject.h">
      <Filter>Source Files\Engine</Filter>
    </ClInclude>
    <ClInclude Include="src\Resources\Mesh\Mesh.h">
      <Filter>Source Files\Resources\Mesh</Filter>
    </ClInclude>
    <ClInclude Include="src\Game\Game.h">
      <Filter>Source Files\Game</Filter>
    </ClInclude>
    <ClInclude Include="src\Engine\Transform.h">
      <Filter>Source Files\Engine</Filter>
    </ClInclude>
    <ClInclude Include="src\Resources\LocalizedText\LocalizedText.h">
      <Filter>Source Files\Resources\LocalizedText</Filter>
    </ClInclude>
    <ClInclude Include="src\Resources\Mesh\MeshId.h">
      <Filter>Source Files\Resources\Mesh</Filter>
    </ClInclude>
    <ClInclude Include="src\Utils.h">
      <Filter>Source Files</Filter>
    </ClInclude>
    <ClInclude Include="src\Resources\Texture\Texture.h">
      <Filter>Source Files\Resources\Texture</Filter>
    </ClInclude>
    <ClInclude Include="src\Resources\Texture\TextureId.h">
      <Filter>Source Files\Resources\Texture</Filter>
    </ClInclude>
    <ClInclude Include="src\Libraries\stb_image.h">
      <Filter>Source Files\Libraries</Filter>
    </ClInclude>
    <ClInclude Include="src\Resources\Shader\ShaderProgram.h">
      <Filter>Source Files\Shader</Filter>
    </ClInclude>
    <ClInclude Include="src\Resources\Shader\ShaderProgramId.h">
      <Filter>Source Files\Shader</Filter>
    </ClInclude>
    <ClInclude Include="src\Resources\Shader\ShaderSource.h">
      <Filter>Source Files\Shader</Filter>
    </ClInclude>
    <ClInclude Include="src\Resources\Shader\ShaderSourceId.h">
      <Filter>Source Files\Shader</Filter>
    </ClInclude>
    <ClInclude Include="src\Game\Track.h">
      <Filter>Source Files\Game</Filter>
    </ClInclude>
    <ClInclude Include="src\Game\Tram.h">
      <Filter>Source Files\Game</Filter>
    </ClInclude>
    <ClInclude Include="src\Engine\Camera\Camera.h">
      <Filter>Source Files\Engine\Camera</Filter>
    </ClInclude>
    <ClInclude Include="src\Engine\Camera\CameraPerspective.h">
      <Filter>Source Files\Engine\Camera</Filter>
    </ClInclude>
    <ClInclude Include="src\Engine\Camera\CameraUi.h">
      <Filter>Source Files\Engine\Camera</Filter>
    </ClInclude>
    <ClInclude Include="src\Engine\UI\Sprite.h">
      <Filter>Source Files\Engine\UI</Filter>
    </ClInclude>
    <ClInclude Include="src\Game\CameraType.h">
      <Filter>Source Files\Game</Filter>
    </ClInclude>
  </ItemGroup>
</Project>